
Microsoft Visual Studio Solution File, Format Version 12.00
# Visual Studio Version 17
VisualStudioVersion = 17.0.31903.59
MinimumVisualStudioVersion = 10.0.40219.1
Project("{2150E333-8FDC-42A3-9474-1A3956D46DE8}") = "src", "src", "{827E0CD3-B72D-47B6-A68D-7590B98EB39B}"
EndProject
Project("{FAE04EC0-301F-11D3-BF4B-00C04F79EFBC}") = "AkangVoiceInput.Core", "src\AkangVoiceInput.Core\AkangVoiceInput.Core.csproj", "{0DCC0EBF-C0B6-488A-9437-958CAB7BF8C7}"
EndProject
Project("{FAE04EC0-301F-11D3-BF4B-00C04F79EFBC}") = "AkangVoiceInput.Audio", "src\AkangVoiceInput.Audio\AkangVoiceInput.Audio.csproj", "{5958C019-5083-4CCA-A304-F2E834D908AA}"
EndProject
Project("{FAE04EC0-301F-11D3-BF4B-00C04F79EFBC}") = "AkangVoiceInput.Transcription", "src\AkangVoiceInput.Transcription\AkangVoiceInput.Transcription.csproj", "{A72205D0-062D-418C-BE5E-4CEA98527F9C}"
EndProject
Project("{FAE04EC0-301F-11D3-BF4B-00C04F79EFBC}") = "AkangVoiceInput.Platform", "src\AkangVoiceInput.Platform\AkangVoiceInput.Platform.csproj", "{4FE5F807-E53C-4F19-908E-AB53CB7376C6}"
EndProject
Project("{FAE04EC0-301F-11D3-BF4B-00C04F79EFBC}") = "AkangVoiceInput.App", "src\AkangVoiceInput.App\AkangVoiceInput.App.csproj", "{448DEA27-087D-4A54-8EF4-99B90E7F1709}"
EndProject
Project("{2150E333-8FDC-42A3-9474-1A3956D46DE8}") = "tests", "tests", "{0AB3BF05-4346-4AA6-1389-037BE0695223}"
EndProject
Project("{FAE04EC0-301F-11D3-BF4B-00C04F79EFBC}") = "AkangVoiceInput.Tests", "tests\AkangVoiceInput.Tests\AkangVoiceInput.Tests.csproj", "{D4E51B56-8280-4039-AEDB-BA03A669A9ED}"
EndProject
Global
	GlobalSection(SolutionConfigurationPlatforms) = preSolution
		Debug|Any CPU = Debug|Any CPU
		Debug|x64 = Debug|x64
		Debug|x86 = Debug|x86
		Release|Any CPU = Release|Any CPU
		Release|x64 = Release|x64
		Release|x86 = Release|x86
	EndGlobalSection
	GlobalSection(ProjectConfigurationPlatforms) = postSolution
		{0DCC0EBF-C0B6-488A-9437-958CAB7BF8C7}.Debug|Any CPU.ActiveCfg = Debug|Any CPU
		{0DCC0EBF-C0B6-488A-9437-958CAB7BF8C7}.Debug|Any CPU.Build.0 = Debug|Any CPU
		{0DCC0EBF-C0B6-488A-9437-958CAB7BF8C7}.Debug|x64.ActiveCfg = Debug|Any CPU
		{0DCC0EBF-C0B6-488A-9437-958CAB7BF8C7}.Debug|x64.Build.0 = Debug|Any CPU
		{0DCC0EBF-C0B6-488A-9437-958CAB7BF8C7}.Debug|x86.ActiveCfg = Debug|Any CPU
		{0DCC0EBF-C0B6-488A-9437-958CAB7BF8C7}.Debug|x86.Build.0 = Debug|Any CPU
		{0DCC0EBF-C0B6-488A-9437-958CAB7BF8C7}.Release|Any CPU.ActiveCfg = Release|Any CPU
		{0DCC0EBF-C0B6-488A-9437-958CAB7BF8C7}.Release|Any CPU.Build.0 = Release|Any CPU
		{0DCC0EBF-C0B6-488A-9437-958CAB7BF8C7}.Release|x64.ActiveCfg = Release|Any CPU
		{0DCC0EBF-C0B6-488A-9437-958CAB7BF8C7}.Release|x64.Build.0 = Release|Any CPU
		{0DCC0EBF-C0B6-488A-9437-958CAB7BF8C7}.Release|x86.ActiveCfg = Release|Any CPU
		{0DCC0EBF-C0B6-488A-9437-958CAB7BF8C7}.Release|x86.Build.0 = Release|Any CPU
		{5958C019-5083-4CCA-A304-F2E834D908AA}.Debug|Any CPU.ActiveCfg = Debug|Any CPU
		{5958C019-5083-4CCA-A304-F2E834D908AA}.Debug|Any CPU.Build.0 = Debug|Any CPU
		{5958C019-5083-4CCA-A304-F2E834D908AA}.Debug|x64.ActiveCfg = Debug|Any CPU
		{5958C019-5083-4CCA-A304-F2E834D908AA}.Debug|x64.Build.0 = Debug|Any CPU
		{5958C019-5083-4CCA-A304-F2E834D908AA}.Debug|x86.ActiveCfg = Debug|Any CPU
		{5958C019-5083-4CCA-A304-F2E834D908AA}.Debug|x86.Build.0 = Debug|Any CPU
		{5958C019-5083-4CCA-A304-F2E834D908AA}.Release|Any CPU.ActiveCfg = Release|Any CPU
		{5958C019-5083-4CCA-A304-F2E834D908AA}.Release|Any CPU.Build.0 = Release|Any CPU
		{5958C019-5083-4CCA-A304-F2E834D908AA}.Release|x64.ActiveCfg = Release|Any CPU
		{5958C019-5083-4CCA-A304-F2E834D908AA}.Release|x64.Build.0 = Release|Any CPU
		{5958C019-5083-4CCA-A304-F2E834D908AA}.Release|x86.ActiveCfg = Release|Any CPU
		{5958C019-5083-4CCA-A304-F2E834D908AA}.Release|x86.Build.0 = Release|Any CPU
		{A72205D0-062D-418C-BE5E-4CEA98527F9C}.Debug|Any CPU.ActiveCfg = Debug|Any CPU
		{A72205D0-062D-418C-BE5E-4CEA98527F9C}.Debug|Any CPU.Build.0 = Debug|Any CPU
		{A72205D0-062D-418C-BE5E-4CEA98527F9C}.Debug|x64.ActiveCfg = Debug|Any CPU
		{A72205D0-062D-418C-BE5E-4CEA98527F9C}.Debug|x64.Build.0 = Debug|Any CPU
		{A72205D0-062D-418C-BE5E-4CEA98527F9C}.Debug|x86.ActiveCfg = Debug|Any CPU
		{A72205D0-062D-418C-BE5E-4CEA98527F9C}.Debug|x86.Build.0 = Debug|Any CPU
		{A72205D0-062D-418C-BE5E-4CEA98527F9C}.Release|Any CPU.ActiveCfg = Release|Any CPU
		{A72205D0-062D-418C-BE5E-4CEA98527F9C}.Release|Any CPU.Build.0 = Release|Any CPU
		{A72205D0-062D-418C-BE5E-4CEA98527F9C}.Release|x64.ActiveCfg = Release|Any CPU
		{A72205D0-062D-418C-BE5E-4CEA98527F9C}.Release|x64.Build.0 = Release|Any CPU
		{A72205D0-062D-418C-BE5E-4CEA98527F9C}.Release|x86.ActiveCfg = Release|Any CPU
		{A72205D0-062D-418C-BE5E-4CEA98527F9C}.Release|x86.Build.0 = Release|Any CPU
		{4FE5F807-E53C-4F19-908E-AB53CB7376C6}.Debug|Any CPU.ActiveCfg = Debug|Any CPU
		{4FE5F807-E53C-4F19-908E-AB53CB7376C6}.Debug|Any CPU.Build.0 = Debug|Any CPU
		{4FE5F807-E53C-4F19-908E-AB53CB7376C6}.Debug|x64.ActiveCfg = Debug|Any CPU
		{4FE5F807-E53C-4F19-908E-AB53CB7376C6}.Debug|x64.Build.0 = Debug|Any CPU
		{4FE5F807-E53C-4F19-908E-AB53CB7376C6}.Debug|x86.ActiveCfg = Debug|Any CPU
		{4FE5F807-E53C-4F19-908E-AB53CB7376C6}.Debug|x86.Build.0 = Debug|Any CPU
		{4FE5F807-E53C-4F19-908E-AB53CB7376C6}.Release|Any CPU.ActiveCfg = Release|Any CPU
		{4FE5F807-E53C-4F19-908E-AB53CB7376C6}.Release|Any CPU.Build.0 = Release|Any CPU
		{4FE5F807-E53C-4F19-908E-AB53CB7376C6}.Release|x64.ActiveCfg = Release|Any CPU
		{4FE5F807-E53C-4F19-908E-AB53CB7376C6}.Release|x64.Build.0 = Release|Any CPU
		{4FE5F807-E53C-4F19-908E-AB53CB7376C6}.Release|x86.ActiveCfg = Release|Any CPU
		{4FE5F807-E53C-4F19-908E-AB53CB7376C6}.Release|x86.Build.0 = Release|Any CPU
		{448DEA27-087D-4A54-8EF4-99B90E7F1709}.Debug|Any CPU.ActiveCfg = Debug|Any CPU
		{448DEA27-087D-4A54-8EF4-99B90E7F1709}.Debug|Any CPU.Build.0 = Debug|Any CPU
		{448DEA27-087D-4A54-8EF4-99B90E7F1709}.Debug|x64.ActiveCfg = Debug|Any CPU
		{448DEA27-087D-4A54-8EF4-99B90E7F1709}.Debug|x64.Build.0 = Debug|Any CPU
		{448DEA27-087D-4A54-8EF4-99B90E7F1709}.Debug|x86.ActiveCfg = Debug|Any CPU
		{448DEA27-087D-4A54-8EF4-99B90E7F1709}.Debug|x86.Build.0 = Debug|Any CPU
		{448DEA27-087D-4A54-8EF4-99B90E7F1709}.Release|Any CPU.ActiveCfg = Release|Any CPU
		{448DEA27-087D-4A54-8EF4-99B90E7F1709}.Release|Any CPU.Build.0 = Release|Any CPU
		{448DEA27-087D-4A54-8EF4-99B90E7F1709}.Release|x64.ActiveCfg = Release|Any CPU
		{448DEA27-087D-4A54-8EF4-99B90E7F1709}.Release|x64.Build.0 = Release|Any CPU
		{448DEA27-087D-4A54-8EF4-99B90E7F1709}.Release|x86.ActiveCfg = Release|Any CPU
		{448DEA27-087D-4A54-8EF4-99B90E7F1709}.Release|x86.Build.0 = Release|Any CPU
		{D4E51B56-8280-4039-AEDB-BA03A669A9ED}.Debug|Any CPU.ActiveCfg = Debug|Any CPU
		{D4E51B56-8280-4039-AEDB-BA03A669A9ED}.Debug|Any CPU.Build.0 = Debug|Any CPU
		{D4E51B56-8280-4039-AEDB-BA03A669A9ED}.Debug|x64.ActiveCfg = Debug|Any CPU
		{D4E51B56-8280-4039-AEDB-BA03A669A9ED}.Debug|x64.Build.0 = Debug|Any CPU
		{D4E51B56-8280-4039-AEDB-BA03A669A9ED}.Debug|x86.ActiveCfg = Debug|Any CPU
		{D4E51B56-8280-4039-AEDB-BA03A669A9ED}.Debug|x86.Build.0 = Debug|Any CPU
		{D4E51B56-8280-4039-AEDB-BA03A669A9ED}.Release|Any CPU.ActiveCfg = Release|Any CPU
		{D4E51B56-8280-4039-AEDB-BA03A669A9ED}.Release|Any CPU.Build.0 = Release|Any CPU
		{D4E51B56-8280-4039-AEDB-BA03A669A9ED}.Release|x64.ActiveCfg = Release|Any CPU
		{D4E51B56-8280-4039-AEDB-BA03A669A9ED}.Release|x64.Build.0 = Release|Any CPU
		{D4E51B56-8280-4039-AEDB-BA03A669A9ED}.Release|x86.ActiveCfg = Release|Any CPU
		{D4E51B56-8280-4039-AEDB-BA03A669A9ED}.Release|x86.Build.0 = Release|Any CPU
	EndGlobalSection
	GlobalSection(SolutionProperties) = preSolution
		HideSolutionNode = FALSE
	EndGlobalSection
	GlobalSection(NestedProjects) = preSolution
		{0DCC0EBF-C0B6-488A-9437-958CAB7BF8C7} = {827E0CD3-B72D-47B6-A68D-7590B98EB39B}
		{5958C019-5083-4CCA-A304-F2E834D908AA} = {827E0CD3-B72D-47B6-A68D-7590B98EB39B}
		{A72205D0-062D-418C-BE5E-4CEA98527F9C} = {827E0CD3-B72D-47B6-A68D-7590B98EB39B}
		{4FE5F807-E53C-4F19-908E-AB53CB7376C6} = {827E0CD3-B72D-47B6-A68D-7590B98EB39B}
		{448DEA27-087D-4A54-8EF4-99B90E7F1709} = {827E0CD3-B72D-47B6-A68D-7590B98EB39B}
		{D4E51B56-8280-4039-AEDB-BA03A669A9ED} = {0AB3BF05-4346-4AA6-1389-037BE0695223}
	EndGlobalSection
EndGlobal
